github.com/bamiaux/iobit v0.0.0-20170418073505-498159a04883 h1:XNtOMwxmV2PI/vuTHDZnFzGIFNUh8MK73q7+Kna7AXs=
github.com/bamiaux/iobit v0.0.0-20170418073505-498159a04883/go.mod h1:9IjZnSQGh45J46HHS45pxuMJ6WFTtSXbaX0FoHDvxh8=
github.com/google/gousb v1.1.2 h1:1BwarNB3inFTFhPgUEfah4hwOPuDz/49I0uX8XNginU=
github.com/google/gousb v1.1.2/go.mod h1:GGWUkK0gAXDzxhwrzetW592aOmkkqSGcj5KLEgmCVUg=
